
Microsoft Visual Studio Solution File, Format Version 12.00
# Visual Studio 15
VisualStudioVersion = 15.0.27130.2003
MinimumVisualStudioVersion = 10.0.40219.1
Project("{FAE04EC0-301F-11D3-BF4B-00C04F79EFBC}") = "EntityFrameworkDemo", "EntityFrameworkDemo\EntityFrameworkDemo.csproj", "{41727722-B7BF-41C1-B149-DDBF5C8F963B}"
EndProject
Global
	GlobalSection(SolutionConfigurationPlatforms) = preSolution
		Debug|Any CPU = Debug|Any CPU
		Release|Any CPU = Release|Any CPU
	EndGlobalSection
	GlobalSection(ProjectConfigurationPlatforms) = postSolution
		{41727722-B7BF-41C1-B149-DDBF5C8F963B}.Debug|Any CPU.ActiveCfg = Debug|Any CPU
		{41727722-B7BF-41C1-B149-DDBF5C8F963B}.Debug|Any CPU.Build.0 = Debug|Any CPU
		{41727722-B7BF-41C1-B149-DDBF5C8F963B}.Release|Any CPU.ActiveCfg = Release|Any CPU
		{41727722-B7BF-41C1-B149-DDBF5C8F963B}.Release|Any CPU.Build.0 = Release|Any CPU
	EndGlobalSection
	GlobalSection(SolutionProperties) = preSolution
		HideSolutionNode = FALSE
	EndGlobalSection
	GlobalSection(ExtensibilityGlobals) = postSolution
		SolutionGuid = {14A5DDBF-3E5E-4467-AE2E-611C9A97EE08}
	EndGlobalSection
EndGlobal
